
Microsoft Visual Studio Solution File, Format Version 12.00
# Visual Studio Version 17
VisualStudioVersion = 17.1.32328.378
MinimumVisualStudioVersion = 10.0.40219.1
Project("{FAE04EC0-301F-11D3-BF4B-00C04F79EFBC}") = "GestIn", "GestIn\GestIn.csproj", "{93F2227F-FA3F-4FD7-8954-C1D1E5E18F67}"
EndProject
Global
	GlobalSection(SolutionConfigurationPlatforms) = preSolution
		Debug|Any CPU = Debug|Any CPU
		Release|Any CPU = Release|Any CPU
	EndGlobalSection
	GlobalSection(ProjectConfigurationPlatforms) = postSolution
		{93F2227F-FA3F-4FD7-8954-C1D1E5E18F67}.Debug|Any CPU.ActiveCfg = Debug|Any CPU
		{93F2227F-FA3F-4FD7-8954-C1D1E5E18F67}.Debug|Any CPU.Build.0 = Debug|Any CPU
		{93F2227F-FA3F-4FD7-8954-C1D1E5E18F67}.Release|Any CPU.ActiveCfg = Release|Any CPU
		{93F2227F-FA3F-4FD7-8954-C1D1E5E18F67}.Release|Any CPU.Build.0 = Release|Any CPU
	EndGlobalSection
	GlobalSection(SolutionProperties) = preSolution
		HideSolutionNode = FALSE
	EndGlobalSection
	GlobalSection(ExtensibilityGlobals) = postSolution
		SolutionGuid = {6B55ED42-5C3F-43E2-8C7D-55946A8BB0F8}
	EndGlobalSection
EndGlobal
